
Microsoft Visual Studio Solution File, Format Version 12.00
# Visual Studio Version 17
VisualStudioVersion = 17.0.31903.59
MinimumVisualStudioVersion = 10.0.40219.1
Project("{FAE04EC0-301F-11D3-BF4B-00C04F79EFBC}") = "IsaacSaveLoad", "IsaacSaveLoad\IsaacSaveLoad.csproj", "{16BBE448-7B5B-4007-85FE-4F1B1FCDA6BC}"
EndProject
Global
	GlobalSection(SolutionConfigurationPlatforms) = preSolution
		Debug|Any CPU = Debug|Any CPU
		Release|Any CPU = Release|Any CPU
	EndGlobalSection
	GlobalSection(ProjectConfigurationPlatforms) = postSolution
		{16BBE448-7B5B-4007-85FE-4F1B1FCDA6BC}.Debug|Any CPU.ActiveCfg = Debug|Any CPU
		{16BBE448-7B5B-4007-85FE-4F1B1FCDA6BC}.Debug|Any CPU.Build.0 = Debug|Any CPU
		{16BBE448-7B5B-4007-85FE-4F1B1FCDA6BC}.Release|Any CPU.ActiveCfg = Release|Any CPU
		{16BBE448-7B5B-4007-85FE-4F1B1FCDA6BC}.Release|Any CPU.Build.0 = Release|Any CPU
	EndGlobalSection
	GlobalSection(SolutionProperties) = preSolution
		HideSolutionNode = FALSE
	EndGlobalSection
	GlobalSection(ExtensibilityGlobals) = postSolution
		SolutionGuid = {B0AA156F-4CD0-4451-93CB-3432FB92E5C7}
	EndGlobalSection
EndGlobal
